{
  "nodes": {
    "beautysh": {
      "inputs": {
        "nixpkgs": [
          "nixvim",
          "nixpkgs"
        ],
        "poetry2nix": "poetry2nix",
        "utils": "utils_5"
      },
      "locked": {
        "lastModified": 1669854260,
        "narHash": "sha256-Z8NAL3g4i5LAhxveNGJhrVDHxIBbUf1lVIy/Thr2RMU=",
        "owner": "lovesegfault",
        "repo": "beautysh",
        "rev": "d616eb8d9d05ee4fb33de9c5521d99c3f0695d52",
        "type": "github"
      },
      "original": {
        "owner": "lovesegfault",
        "repo": "beautysh",
        "type": "github"
      }
    },
    "flake-compat": {
      "flake": false,
      "locked": {
        "lastModified": 1668681692,
        "narHash": "sha256-Ht91NGdewz8IQLtWZ9LCeNXMSXHUss+9COoqu6JLmXU=",
        "owner": "edolstra",
        "repo": "flake-compat",
        "rev": "009399224d5e398d03b22badca40a37ac85412a1",
        "type": "github"
      },
      "original": {
        "owner": "edolstra",
        "repo": "flake-compat",
        "type": "github"
      }
    },
    "flake-compat_2": {
      "flake": false,
      "locked": {
        "lastModified": 1673956053,
        "narHash": "sha256-4gtG9iQuiKITOjNQQeQIpoIB6b16fm+504Ch3sNKLd8=",
        "owner": "edolstra",
        "repo": "flake-compat",
        "rev": "35bb57c0c8d8b62bbfd284272c928ceb64ddbde9",
        "type": "github"
      },
      "original": {
        "owner": "edolstra",
        "repo": "flake-compat",
        "type": "github"
      }
    },
    "flake-utils": {
      "locked": {
        "lastModified": 1667395993,
        "narHash": "sha256-nuEHfE/LcWyuSWnS8t12N1wc105Qtau+/OdUAjtQ0rA=",
        "owner": "numtide",
        "repo": "flake-utils",
        "rev": "5aed5285a952e0b949eb3ba02c12fa4fcfef535f",
        "type": "github"
      },
      "original": {
        "owner": "numtide",
        "repo": "flake-utils",
        "type": "github"
      }
    },
    "flake-utils_2": {
      "locked": {
        "lastModified": 1678901627,
        "narHash": "sha256-U02riOqrKKzwjsxc/400XnElV+UtPUQWpANPlyazjH0=",
        "owner": "numtide",
        "repo": "flake-utils",
        "rev": "93a2b84fc4b70d9e089d029deacc3583435c2ed6",
        "type": "github"
      },
      "original": {
        "owner": "numtide",
        "repo": "flake-utils",
        "type": "github"
      }
    },
    "flake-utils_3": {
      "locked": {
        "lastModified": 1667395993,
        "narHash": "sha256-nuEHfE/LcWyuSWnS8t12N1wc105Qtau+/OdUAjtQ0rA=",
        "owner": "numtide",
        "repo": "flake-utils",
        "rev": "5aed5285a952e0b949eb3ba02c12fa4fcfef535f",
        "type": "github"
      },
      "original": {
        "owner": "numtide",
        "repo": "flake-utils",
        "type": "github"
      }
    },
    "gitignore": {
      "inputs": {
        "nixpkgs": [
          "nixvim",
          "pre-commit-hooks",
          "nixpkgs"
        ]
      },
      "locked": {
        "lastModified": 1660459072,
        "narHash": "sha256-8DFJjXG8zqoONA1vXtgeKXy68KdJL5UaXR8NtVMUbx8=",
        "owner": "hercules-ci",
        "repo": "gitignore.nix",
        "rev": "a20de23b925fd8264fd7fad6454652e142fd7f73",
        "type": "github"
      },
      "original": {
        "owner": "hercules-ci",
        "repo": "gitignore.nix",
        "type": "github"
      }
    },
    "home": {
      "inputs": {
        "nixpkgs": [
          "nixpkgs"
        ],
        "utils": "utils"
      },
      "locked": {
        "lastModified": 1680249941,
        "narHash": "sha256-7Ylr0NAr8msd3YVaYBw6uyJIRbtOq5l6aLrmrYA5qTw=",
        "owner": "nix-community",
        "repo": "home-manager",
        "rev": "67b97020b6970d39b4126a7870063d11337ecb80",
        "type": "github"
      },
      "original": {
        "owner": "nix-community",
        "repo": "home-manager",
        "type": "github"
      }
    },
    "icicle": {
      "inputs": {
        "nixpkgs": "nixpkgs",
        "utils": "utils_2"
      },
      "locked": {
        "lastModified": 1677861349,
        "narHash": "sha256-zHpRe5XaAeWvSppGv5xCWP2nE40bAE+DAWVWWYLp/eA=",
        "owner": "snowflakelinux",
        "repo": "icicle",
        "rev": "b974ebe231670523e9abf0f76fcce4ee178a608f",
        "type": "github"
      },
      "original": {
        "owner": "snowflakelinux",
        "repo": "icicle",
        "type": "github"
      }
    },
    "naersk": {
      "inputs": {
        "nixpkgs": "nixpkgs_2"
      },
      "locked": {
        "lastModified": 1671096816,
        "narHash": "sha256-ezQCsNgmpUHdZANDCILm3RvtO1xH8uujk/+EqNvzIOg=",
        "owner": "nix-community",
        "repo": "naersk",
        "rev": "d998160d6a076cfe8f9741e56aeec7e267e3e114",
        "type": "github"
      },
      "original": {
        "owner": "nix-community",
        "repo": "naersk",
        "type": "github"
      }
    },
    "nix-data": {
      "inputs": {
        "flake-compat": "flake-compat",
        "flake-utils": "flake-utils",
        "naersk": "naersk",
        "nixpkgs": "nixpkgs_3"
      },
      "locked": {
        "lastModified": 1675401998,
        "narHash": "sha256-yts2bkp9cn4SuYPYjgTNbOwTtpFxps3TU8zmS/ftN/Q=",
        "owner": "snowflakelinux",
        "repo": "nix-data",
        "rev": "36fb938713742aa0efefa78d34825c148a844990",
        "type": "github"
      },
      "original": {
        "owner": "snowflakelinux",
        "repo": "nix-data",
        "type": "github"
      }
    },
    "nix-software-center": {
      "inputs": {
        "nixpkgs": "nixpkgs_4",
        "utils": "utils_3"
      },
      "locked": {
        "lastModified": 1678759647,
        "narHash": "sha256-F1WIPB+8u1QIv1FKDlfCxf4trktwnvtywFHdRuQXgZs=",
        "owner": "vlinkz",
        "repo": "nix-software-center",
        "rev": "0ba4ad447567626e66a5729d64e0e5eb751d40c0",
        "type": "github"
      },
      "original": {
        "owner": "vlinkz",
        "repo": "nix-software-center",
        "type": "github"
      }
    },
    "nixos-conf-editor": {
      "inputs": {
        "nixpkgs": "nixpkgs_5",
        "utils": "utils_4"
      },
      "locked": {
        "lastModified": 1678759636,
        "narHash": "sha256-O9CZ7Nk1K5caVVFszDdLC7d1oSTZq8Q+gU5+vX5uQcU=",
        "owner": "vlinkz",
        "repo": "nixos-conf-editor",
        "rev": "d0507cfbf24bbd6c6a2961c6db67ac4c2ebbdf50",
        "type": "github"
      },
      "original": {
        "owner": "vlinkz",
        "repo": "nixos-conf-editor",
        "type": "github"
      }
    },
    "nixos-hardware": {
      "locked": {
        "lastModified": 1680070330,
        "narHash": "sha256-aoT2YZCd9LEtiEULFLIF0ykKydgE72X8gw/k9/pRS5I=",
        "owner": "NixOS",
        "repo": "nixos-hardware",
        "rev": "a6aa8174fa61e55bd7e62d35464d3092aefe0421",
        "type": "github"
      },
      "original": {
        "owner": "NixOS",
        "repo": "nixos-hardware",
        "type": "github"
      }
    },
    "nixpkgs": {
      "locked": {
        "lastModified": 1673226411,
        "narHash": "sha256-b6cGb5Ln7Zy80YO66+cbTyGdjZKtkoqB/iIIhDX9gRA=",
        "owner": "NixOS",
        "repo": "nixpkgs",
        "rev": "aa1d74709f5dac623adb4d48fdfb27cc2c92a4d4",
        "type": "github"
      },
      "original": {
        "owner": "NixOS",
        "ref": "nixos-unstable",
        "repo": "nixpkgs",
        "type": "github"
      }
    },
    "nixpkgs-stable": {
      "locked": {
        "lastModified": 1678872516,
        "narHash": "sha256-/E1YwtMtFAu2KUQKV/1+KFuReYPANM2Rzehk84VxVoc=",
        "owner": "NixOS",
        "repo": "nixpkgs",
        "rev": "9b8e5abb18324c7fe9f07cb100c3cd4a29cda8b8",
        "type": "github"
      },
      "original": {
        "owner": "NixOS",
        "ref": "nixos-22.11",
        "repo": "nixpkgs",
        "type": "github"
      }
    },
    "nixpkgs_2": {
      "locked": {
        "lastModified": 1671200928,
        "narHash": "sha256-mZfzDyzojwj6I0wyooIjGIn81WtGVnx6+avU5Wv+VKU=",
        "owner": "NixOS",
        "repo": "nixpkgs",
        "rev": "757b82211463dd5ba1475b6851d3731dfe14d377",
        "type": "github"
      },
      "original": {
        "id": "nixpkgs",
        "type": "indirect"
      }
    },
    "nixpkgs_3": {
      "locked": {
        "lastModified": 1671200928,
        "narHash": "sha256-mZfzDyzojwj6I0wyooIjGIn81WtGVnx6+avU5Wv+VKU=",
        "owner": "nixos",
        "repo": "nixpkgs",
        "rev": "757b82211463dd5ba1475b6851d3731dfe14d377",
        "type": "github"
      },
      "original": {
        "owner": "nixos",
        "ref": "nixos-unstable",
        "repo": "nixpkgs",
        "type": "github"
      }
    },
    "nixpkgs_4": {
      "locked": {
        "lastModified": 1676721149,
        "narHash": "sha256-mN2EpTGxxVNnFZLoLWRwh6f7UWhXy4qE+wO2CZyrXps=",
        "owner": "NixOS",
        "repo": "nixpkgs",
        "rev": "5f4e07deb7c44f27d498f8df9c5f34750acf52d2",
        "type": "github"
      },
      "original": {
        "owner": "NixOS",
        "ref": "nixos-unstable",
        "repo": "nixpkgs",
        "type": "github"
      }
    },
    "nixpkgs_5": {
      "locked": {
        "lastModified": 1673796341,
        "narHash": "sha256-1kZi9OkukpNmOaPY7S5/+SlCDOuYnP3HkXHvNDyLQcc=",
        "owner": "NixOS",
        "repo": "nixpkgs",
        "rev": "6dccdc458512abce8d19f74195bb20fdb067df50",
        "type": "github"
      },
      "original": {
        "owner": "NixOS",
        "ref": "nixos-unstable",
        "repo": "nixpkgs",
        "type": "github"
      }
    },
    "nixpkgs_6": {
      "locked": {
        "lastModified": 1680125544,
        "narHash": "sha256-mlqo1r+TZUOuypWdrZHluxWL+E5WzXlUXNZ9Y0WLDFU=",
        "owner": "NixOS",
        "repo": "nixpkgs",
        "rev": "9a6aabc4740790ef3bbb246b86d029ccf6759658",
        "type": "github"
      },
      "original": {
        "owner": "NixOS",
        "ref": "nixos-unstable",
        "repo": "nixpkgs",
        "type": "github"
      }
    },
    "nixpkgs_7": {
      "locked": {
        "lastModified": 1679705136,
        "narHash": "sha256-MDlZUR7wJ3PlPtqwwoGQr3euNOe0vdSSteVVOef7tBY=",
        "owner": "NixOS",
        "repo": "nixpkgs",
        "rev": "8f40f2f90b9c9032d1b824442cfbbe0dbabd0dbd",
        "type": "github"
      },
      "original": {
        "owner": "NixOS",
        "ref": "nixos-unstable",
        "repo": "nixpkgs",
        "type": "github"
      }
    },
    "nixpkgs_8": {
      "locked": {
        "lastModified": 1675673983,
        "narHash": "sha256-8hzNh1jtiPxL5r3ICNzSmpSzV7kGb3KwX+FS5BWJUTo=",
        "owner": "nixos",
        "repo": "nixpkgs",
        "rev": "5a350a8f31bb7ef0c6e79aea3795a890cf7743d4",
        "type": "github"
      },
      "original": {
        "owner": "nixos",
        "ref": "nixos-unstable",
        "repo": "nixpkgs",
        "type": "github"
      }
    },
    "nixvim": {
      "inputs": {
        "beautysh": "beautysh",
        "flake-utils": "flake-utils_2",
        "nixpkgs": "nixpkgs_7",
        "pre-commit-hooks": "pre-commit-hooks"
      },
      "locked": {
        "lastModified": 1680297168,
        "narHash": "sha256-5xYKa/A06bwsvMJyS7laWQmXr4S2sYl+kZoUAesQZ/M=",
        "owner": "pta2002",
        "repo": "nixvim",
        "rev": "d62edf4178bf4dac277b5ce5189d9737e97efe5e",
        "type": "github"
      },
      "original": {
        "owner": "pta2002",
        "repo": "nixvim",
        "type": "github"
      }
    },
    "nur": {
      "locked": {
        "lastModified": 1680262333,
        "narHash": "sha256-5/U8eGL+H8qS4XsJHt3pnvMFS2j5p0Uy0F3VEJsnZzU=",
        "owner": "nix-community",
        "repo": "NUR",
        "rev": "98e4e284278bf7160ee47d3e7feef3a45a84fbc0",
        "type": "github"
      },
      "original": {
        "owner": "nix-community",
        "repo": "NUR",
        "type": "github"
      }
    },
    "poetry2nix": {
      "inputs": {
        "flake-utils": [
          "nixvim",
          "beautysh",
          "utils"
        ],
        "nixpkgs": [
          "nixvim",
          "beautysh",
          "nixpkgs"
        ]
      },
      "locked": {
        "lastModified": 1658665240,
        "narHash": "sha256-/wkx7D7enyBPRjIkK0w7QxLQhzEkb3UxNQnjyc3FTUI=",
        "owner": "nix-community",
        "repo": "poetry2nix",
        "rev": "8b8edc85d24661d5a6d0d71d6a7011f3e699780f",
        "type": "github"
      },
      "original": {
        "owner": "nix-community",
        "repo": "poetry2nix",
        "type": "github"
      }
    },
    "pre-commit-hooks": {
      "inputs": {
        "flake-compat": "flake-compat_2",
        "flake-utils": "flake-utils_3",
        "gitignore": "gitignore",
        "nixpkgs": [
          "nixvim",
          "nixpkgs"
        ],
        "nixpkgs-stable": "nixpkgs-stable"
      },
      "locked": {
        "lastModified": 1678976941,
        "narHash": "sha256-skNr08frCwN9NO+7I77MjOHHAw+L410/37JknNld+W4=",
        "owner": "cachix",
        "repo": "pre-commit-hooks.nix",
        "rev": "32b1dbedfd77892a6e375737ef04d8efba634e9e",
        "type": "github"
      },
      "original": {
        "owner": "cachix",
        "repo": "pre-commit-hooks.nix",
        "type": "github"
      }
    },
    "root": {
      "inputs": {
        "home": "home",
        "icicle": "icicle",
        "nix-data": "nix-data",
        "nix-software-center": "nix-software-center",
        "nixos-conf-editor": "nixos-conf-editor",
        "nixos-hardware": "nixos-hardware",
        "nixpkgs": "nixpkgs_6",
        "nixvim": "nixvim",
        "nur": "nur",
        "snow": "snow",
        "snowflake": "snowflake"
      }
    },
    "snow": {
      "inputs": {
        "nixpkgs": "nixpkgs_8",
        "utils": "utils_6"
      },
      "locked": {
        "lastModified": 1676244040,
        "narHash": "sha256-tOncW45ZOpsWnCc5DzCKrmAWAjKW3Sj5OFlVuWbBxsg=",
        "owner": "snowflakelinux",
        "repo": "snow",
        "rev": "6be11b1dd0ed56af9785b920353e9474a111a732",
        "type": "github"
      },
      "original": {
        "owner": "snowflakelinux",
        "repo": "snow",
        "type": "github"
      }
    },
    "snowflake": {
      "inputs": {
        "nixpkgs": [
          "nixpkgs"
        ]
      },
      "locked": {
        "lastModified": 1674669719,
        "narHash": "sha256-x3sFlFuWjHynInxXe4OTyes6dRYvmEAmp3viyzfCPQg=",
        "owner": "snowflakelinux",
        "repo": "snowflake-modules",
        "rev": "239baddf62d28711a4900983305d9ba19b7f5c05",
        "type": "github"
      },
      "original": {
        "owner": "snowflakelinux",
        "repo": "snowflake-modules",
        "type": "github"
      }
    },
    "utils": {
      "locked": {
        "lastModified": 1676283394,
        "narHash": "sha256-XX2f9c3iySLCw54rJ/CZs+ZK6IQy7GXNY4nSOyu2QG4=",
        "owner": "numtide",
        "repo": "flake-utils",
        "rev": "3db36a8b464d0c4532ba1c7dda728f4576d6d073",
        "type": "github"
      },
      "original": {
        "owner": "numtide",
        "repo": "flake-utils",
        "type": "github"
      }
    },
    "utils_2": {
      "locked": {
        "lastModified": 1667395993,
        "narHash": "sha256-nuEHfE/LcWyuSWnS8t12N1wc105Qtau+/OdUAjtQ0rA=",
        "owner": "numtide",
        "repo": "flake-utils",
        "rev": "5aed5285a952e0b949eb3ba02c12fa4fcfef535f",
        "type": "github"
      },
      "original": {
        "owner": "numtide",
        "repo": "flake-utils",
        "type": "github"
      }
    },
    "utils_3": {
      "locked": {
        "lastModified": 1676283394,
        "narHash": "sha256-XX2f9c3iySLCw54rJ/CZs+ZK6IQy7GXNY4nSOyu2QG4=",
        "owner": "numtide",
        "repo": "flake-utils",
        "rev": "3db36a8b464d0c4532ba1c7dda728f4576d6d073",
        "type": "github"
      },
      "original": {
        "owner": "numtide",
        "repo": "flake-utils",
        "type": "github"
      }
    },
    "utils_4": {
      "locked": {
        "lastModified": 1667395993,
        "narHash": "sha256-nuEHfE/LcWyuSWnS8t12N1wc105Qtau+/OdUAjtQ0rA=",
        "owner": "numtide",
        "repo": "flake-utils",
        "rev": "5aed5285a952e0b949eb3ba02c12fa4fcfef535f",
        "type": "github"
      },
      "original": {
        "owner": "numtide",
        "repo": "flake-utils",
        "type": "github"
      }
    },
    "utils_5": {
      "locked": {
        "lastModified": 1667395993,
        "narHash": "sha256-nuEHfE/LcWyuSWnS8t12N1wc105Qtau+/OdUAjtQ0rA=",
        "owner": "numtide",
        "repo": "flake-utils",
        "rev": "5aed5285a952e0b949eb3ba02c12fa4fcfef535f",
        "type": "github"
      },
      "original": {
        "owner": "numtide",
        "repo": "flake-utils",
        "type": "github"
      }
    },
    "utils_6": {
      "locked": {
        "lastModified": 1667395993,
        "narHash": "sha256-nuEHfE/LcWyuSWnS8t12N1wc105Qtau+/OdUAjtQ0rA=",
        "owner": "numtide",
        "repo": "flake-utils",
        "rev": "5aed5285a952e0b949eb3ba02c12fa4fcfef535f",
        "type": "github"
      },
      "original": {
        "owner": "numtide",
        "repo": "flake-utils",
        "type": "github"
      }
    }
  },
  "root": "root",
  "version": 7
}
